# This file is autogenerated, do not edit; changes may be undone by the next 'dep ensure'.


[[projects]]
  name = "github.com/fasthttp/router"
  packages = ["."]
  revision = "3406feabcf15ea6a27bc87653a965f38a718c23d"
  version = "v0.4.1"

[[projects]]
  name = "github.com/klauspost/compress"
  packages = ["flate","gzip","zlib"]
  revision = "23256797d1e4ccac36fad828362cdfef5b3aeb90"
  version = "v1.7.4"

[[projects]]
  name = "github.com/klauspost/cpuid"
  packages = ["."]
  revision = "05a8198c0f5a27739aec358908d7e12c64ce6eb7"
  version = "v1.2.1"

[[projects]]
  name = "github.com/roger-russel/fasthttp-router-middleware"
  packages = ["pkg/middleware"]
  revision = "c38afcac247f29c35910aa02c4733febe2012534"
  version = "v1.0.0"

[[projects]]
  branch = "master"
  name = "github.com/savsgio/gotils"
  packages = ["."]
  revision = "365999d0a27487291344c1e4dfcab4a5dd4e8c49"

[[projects]]
  name = "github.com/valyala/bytebufferpool"
  packages = ["."]
  revision = "e746df99fe4a3986f4d4f79e13c1e0117ce9c2f7"
  version = "v1.0.0"

[[projects]]
  name = "github.com/valyala/fasthttp"
  packages = [".","fasthttputil","stackless"]
  revision = "e5f51c11919d4f66400334047b897ef0a94c6f3c"
  version = "v20180529"

[solve-meta]
  analyzer-name = "dep"
  analyzer-version = 1
  inputs-digest = "18171d8ab451f15adfc2e495e03a7544eebe359d5031dc2e4e94dea1471e5824"
  solver-name = "gps-cdcl"
  solver-version = 1
